
Microsoft Visual Studio Solution File, Format Version 12.00
# Visual Studio Version 17
VisualStudioVersion = 17.11.35312.102
MinimumVisualStudioVersion = 10.0.40219.1
Project("{FAE04EC0-301F-11D3-BF4B-00C04F79EFBC}") = "acunmedya2", "acunmedya2\acunmedya2.csproj", "{B29CB48F-72A3-4725-872C-1F0751AC28AA}"
EndProject
Global
	GlobalSection(SolutionConfigurationPlatforms) = preSolution
		Debug|Any CPU = Debug|Any CPU
		Release|Any CPU = Release|Any CPU
	EndGlobalSection
	GlobalSection(ProjectConfigurationPlatforms) = postSolution
		{B29CB48F-72A3-4725-872C-1F0751AC28AA}.Debug|Any CPU.ActiveCfg = Debug|Any CPU
		{B29CB48F-72A3-4725-872C-1F0751AC28AA}.Debug|Any CPU.Build.0 = Debug|Any CPU
		{B29CB48F-72A3-4725-872C-1F0751AC28AA}.Release|Any CPU.ActiveCfg = Release|Any CPU
		{B29CB48F-72A3-4725-872C-1F0751AC28AA}.Release|Any CPU.Build.0 = Release|Any CPU
	EndGlobalSection
	GlobalSection(SolutionProperties) = preSolution
		HideSolutionNode = FALSE
	EndGlobalSection
	GlobalSection(ExtensibilityGlobals) = postSolution
		SolutionGuid = {4201D50C-D644-4690-9B5C-41FEAC4B709D}
	EndGlobalSection
EndGlobal
